
Microsoft Visual Studio Solution File, Format Version 12.00
# Visual Studio Version 17
VisualStudioVersion = 17.6.33712.159
MinimumVisualStudioVersion = 10.0.40219.1
Project("{FAE04EC0-301F-11D3-BF4B-00C04F79EFBC}") = "BlazorCRUD.Server", "BlazorCRUD\Server\BlazorCRUD.Server.csproj", "{164B3807-586E-47A9-BF5D-C7DA5F5D12ED}"
EndProject
Project("{FAE04EC0-301F-11D3-BF4B-00C04F79EFBC}") = "BlazorCRUD.Client", "BlazorCRUD\Client\BlazorCRUD.Client.csproj", "{75C6FF10-9C5B-4510-B05A-CC0F0D1A518C}"
EndProject
Project("{FAE04EC0-301F-11D3-BF4B-00C04F79EFBC}") = "BlazorCRUD.Shared", "BlazorCRUD\Shared\BlazorCRUD.Shared.csproj", "{1F60CC7E-AC30-4E21-BACE-482BD7EF7782}"
EndProject
Global
	GlobalSection(SolutionConfigurationPlatforms) = preSolution
		Debug|Any CPU = Debug|Any CPU
		Release|Any CPU = Release|Any CPU
	EndGlobalSection
	GlobalSection(ProjectConfigurationPlatforms) = postSolution
		{164B3807-586E-47A9-BF5D-C7DA5F5D12ED}.Debug|Any CPU.ActiveCfg = Debug|Any CPU
		{164B3807-586E-47A9-BF5D-C7DA5F5D12ED}.Debug|Any CPU.Build.0 = Debug|Any CPU
		{164B3807-586E-47A9-BF5D-C7DA5F5D12ED}.Release|Any CPU.ActiveCfg = Release|Any CPU
		{164B3807-586E-47A9-BF5D-C7DA5F5D12ED}.Release|Any CPU.Build.0 = Release|Any CPU
		{75C6FF10-9C5B-4510-B05A-CC0F0D1A518C}.Debug|Any CPU.ActiveCfg = Debug|Any CPU
		{75C6FF10-9C5B-4510-B05A-CC0F0D1A518C}.Debug|Any CPU.Build.0 = Debug|Any CPU
		{75C6FF10-9C5B-4510-B05A-CC0F0D1A518C}.Release|Any CPU.ActiveCfg = Release|Any CPU
		{75C6FF10-9C5B-4510-B05A-CC0F0D1A518C}.Release|Any CPU.Build.0 = Release|Any CPU
		{1F60CC7E-AC30-4E21-BACE-482BD7EF7782}.Debug|Any CPU.ActiveCfg = Debug|Any CPU
		{1F60CC7E-AC30-4E21-BACE-482BD7EF7782}.Debug|Any CPU.Build.0 = Debug|Any CPU
		{1F60CC7E-AC30-4E21-BACE-482BD7EF7782}.Release|Any CPU.ActiveCfg = Release|Any CPU
		{1F60CC7E-AC30-4E21-BACE-482BD7EF7782}.Release|Any CPU.Build.0 = Release|Any CPU
	EndGlobalSection
	GlobalSection(SolutionProperties) = preSolution
		HideSolutionNode = FALSE
	EndGlobalSection
	GlobalSection(ExtensibilityGlobals) = postSolution
		SolutionGuid = {F6875E90-857C-49BE-AF39-5FAF0C36AD94}
	EndGlobalSection
EndGlobal
